
Microsoft Visual Studio Solution File, Format Version 12.00
# Visual Studio Version 16
VisualStudioVersion = 16.0.31702.278
MinimumVisualStudioVersion = 10.0.40219.1
Project("{FAE04EC0-301F-11D3-BF4B-00C04F79EFBC}") = "Calculator", "Calculator\Calculator.csproj", "{59DA1AF6-3C6A-4640-BF5F-29AE4ACB0F72}"
EndProject
Global
	GlobalSection(SolutionConfigurationPlatforms) = preSolution
		Debug|Any CPU = Debug|Any CPU
		Release|Any CPU = Release|Any CPU
	EndGlobalSection
	GlobalSection(ProjectConfigurationPlatforms) = postSolution
		{59DA1AF6-3C6A-4640-BF5F-29AE4ACB0F72}.Debug|Any CPU.ActiveCfg = Debug|Any CPU
		{59DA1AF6-3C6A-4640-BF5F-29AE4ACB0F72}.Debug|Any CPU.Build.0 = Debug|Any CPU
		{59DA1AF6-3C6A-4640-BF5F-29AE4ACB0F72}.Release|Any CPU.ActiveCfg = Release|Any CPU
		{59DA1AF6-3C6A-4640-BF5F-29AE4ACB0F72}.Release|Any CPU.Build.0 = Release|Any CPU
	EndGlobalSection
	GlobalSection(SolutionProperties) = preSolution
		HideSolutionNode = FALSE
	EndGlobalSection
	GlobalSection(ExtensibilityGlobals) = postSolution
		SolutionGuid = {6CA8CB38-65D6-4345-8406-964282B8E3F4}
	EndGlobalSection
EndGlobal
